// !$*UTF8*$!
{
	archiveVersion = 1;
	classes = {
	};
	objectVersion = 50;
	objects = {

/* Begin PBXBuildFile section */
		082E40DE21664D54005F302D /* AppDelegate.swift in Sources */ = {isa = PBXBuildFile; fileRef = 082E40DD21664D54005F302D /* AppDelegate.swift */; };
		082E40E021664D54005F302D /* CounterViewController.swift in Sources */ = {isa = PBXBuildFile; fileRef = 082E40DF21664D54005F302D /* CounterViewController.swift */; };
		082E40E221664D54005F302D /* Assets.xcassets in Resources */ = {isa = PBXBuildFile; fileRef = 082E40E121664D54005F302D /* Assets.xcassets */; };
		082E40E521664D54005F302D /* Main.storyboard in Resources */ = {isa = PBXBuildFile; fileRef = 082E40E321664D54005F302D /* Main.storyboard */; };
		082E40F121664D54005F302D /* workTests.swift in Sources */ = {isa = PBXBuildFile; fileRef = 082E40F021664D54005F302D /* workTests.swift */; };
		082E41002167A800005F302D /* CounterContainerView.swift in Sources */ = {isa = PBXBuildFile; fileRef = 082E40FF2167A800005F302D /* CounterContainerView.swift */; };
		082E41022168F1E1005F302D /* TimeConstants.swift in Sources */ = {isa = PBXBuildFile; fileRef = 082E41012168F1E1005F302D /* TimeConstants.swift */; };
		088D6BEE21742A4F00046A28 /* PomodoroPreferenceViewController.swift in Sources */ = {isa = PBXBuildFile; fileRef = 088D6BED21742A4F00046A28 /* PomodoroPreferenceViewController.swift */; };
		088D6BF12174CF0600046A28 /* Notes.storyboard in Resources */ = {isa = PBXBuildFile; fileRef = 088D6BF02174CF0600046A28 /* Notes.storyboard */; };
		088D6BF32174CF2400046A28 /* NotesHomeViewController.swift in Sources */ = {isa = PBXBuildFile; fileRef = 088D6BF22174CF2400046A28 /* NotesHomeViewController.swift */; };
		08900F4F2169081100DF6CC1 /* PomodoroTimer.swift in Sources */ = {isa = PBXBuildFile; fileRef = 08900F4E2169081100DF6CC1 /* PomodoroTimer.swift */; };
		08900F51216AB59F00DF6CC1 /* Notify.swift in Sources */ = {isa = PBXBuildFile; fileRef = 08900F50216AB59F00DF6CC1 /* Notify.swift */; };
		08900F55216CDEAF00DF6CC1 /* work.xcdatamodeld in Sources */ = {isa = PBXBuildFile; fileRef = 08900F53216CDEAF00DF6CC1 /* work.xcdatamodeld */; };
		08900F57216CE09A00DF6CC1 /* CoreDataManager.swift in Sources */ = {isa = PBXBuildFile; fileRef = 08900F56216CE09A00DF6CC1 /* CoreDataManager.swift */; };
		08900F59216DA83F00DF6CC1 /* UserPreference.swift in Sources */ = {isa = PBXBuildFile; fileRef = 08900F58216DA83F00DF6CC1 /* UserPreference.swift */; };
		08900F5B216E3D7200DF6CC1 /* PreferenceViewController.swift in Sources */ = {isa = PBXBuildFile; fileRef = 08900F5A216E3D7200DF6CC1 /* PreferenceViewController.swift */; };
		08B31A1A21724554002D380C /* EventMonitor.swift in Sources */ = {isa = PBXBuildFile; fileRef = 08B31A1921724554002D380C /* EventMonitor.swift */; };
		E27DA7E47F19DDF8D31679A1 /* Pods_work.framework in Frameworks */ = {isa = PBXBuildFile; fileRef = E2BABD7A8CE4E34473571E43 /* Pods_work.framework */; };
/* End PBXBuildFile section */

/* Begin PBXContainerItemProxy section */
		082E40ED21664D54005F302D /* PBXContainerItemProxy */ = {
			isa = PBXContainerItemProxy;
			containerPortal = 082E40D221664D54005F302D /* Project object */;
			proxyType = 1;
			remoteGlobalIDString = 082E40D921664D54005F302D;
			remoteInfo = work;
		};
/* End PBXContainerItemProxy section */

/* Begin PBXFileReference section */
		0401F5E6B727A752A4284695 /* Pods-work.debug.xcconfig */ = {isa = PBXFileReference; includeInIndex = 1; lastKnownFileType = text.xcconfig; name = "Pods-work.debug.xcconfig"; path = "Target Support Files/Pods-work/Pods-work.debug.xcconfig"; sourceTree = "<group>"; };
		082E40DA21664D54005F302D /* work.app */ = {isa = PBXFileReference; explicitFileType = wrapper.application; includeInIndex = 0; path = work.app; sourceTree = BUILT_PRODUCTS_DIR; };
		082E40DD21664D54005F302D /* AppDelegate.swift */ = {isa = PBXFileReference; lastKnownFileType = sourcecode.swift; path = AppDelegate.swift; sourceTree = "<group>"; };
		082E40DF21664D54005F302D /* CounterViewController.swift */ = {isa = PBXFileReference; lastKnownFileType = sourcecode.swift; path = CounterViewController.swift; sourceTree = "<group>"; };
		082E40E121664D54005F302D /* Assets.xcassets */ = {isa = PBXFileReference; lastKnownFileType = folder.assetcatalog; path = Assets.xcassets; sourceTree = "<group>"; };
		082E40E421664D54005F302D /* Base */ = {isa = PBXFileReference; lastKnownFileType = file.storyboard; name = Base; path = Base.lproj/Main.storyboard; sourceTree = "<group>"; };
		082E40E621664D54005F302D /* Info.plist */ = {isa = PBXFileReference; lastKnownFileType = text.plist.xml; path = Info.plist; sourceTree = "<group>"; };
		082E40E721664D54005F302D /* work.entitlements */ = {isa = PBXFileReference; lastKnownFileType = text.plist.entitlements; path = work.entitlements; sourceTree = "<group>"; };
		082E40EC21664D54005F302D /* workTests.xctest */ = {isa = PBXFileReference; explicitFileType = wrapper.cfbundle; includeInIndex = 0; path = workTests.xctest; sourceTree = BUILT_PRODUCTS_DIR; };
		082E40F021664D54005F302D /* workTests.swift */ = {isa = PBXFileReference; lastKnownFileType = sourcecode.swift; path = workTests.swift; sourceTree = "<group>"; };
		082E40F221664D54005F302D /* Info.plist */ = {isa = PBXFileReference; lastKnownFileType = text.plist.xml; path = Info.plist; sourceTree = "<group>"; };
		082E40FF2167A800005F302D /* CounterContainerView.swift */ = {isa = PBXFileReference; lastKnownFileType = sourcecode.swift; path = CounterContainerView.swift; sourceTree = "<group>"; };
		082E41012168F1E1005F302D /* TimeConstants.swift */ = {isa = PBXFileReference; lastKnownFileType = sourcecode.swift; path = TimeConstants.swift; sourceTree = "<group>"; };
		088D6BED21742A4F00046A28 /* PomodoroPreferenceViewController.swift */ = {isa = PBXFileReference; lastKnownFileType = sourcecode.swift; path = PomodoroPreferenceViewController.swift; sourceTree = "<group>"; };
		088D6BF02174CF0600046A28 /* Notes.storyboard */ = {isa = PBXFileReference; lastKnownFileType = file.storyboard; path = Notes.storyboard; sourceTree = "<group>"; };
		088D6BF22174CF2400046A28 /* NotesHomeViewController.swift */ = {isa = PBXFileReference; lastKnownFileType = sourcecode.swift; path = NotesHomeViewController.swift; sourceTree = "<group>"; };
		08900F4E2169081100DF6CC1 /* PomodoroTimer.swift */ = {isa = PBXFileReference; lastKnownFileType = sourcecode.swift; path = PomodoroTimer.swift; sourceTree = "<group>"; };
		08900F50216AB59F00DF6CC1 /* Notify.swift */ = {isa = PBXFileReference; lastKnownFileType = sourcecode.swift; path = Notify.swift; sourceTree = "<group>"; };
		08900F54216CDEAF00DF6CC1 /* work.xcdatamodel */ = {isa = PBXFileReference; lastKnownFileType = wrapper.xcdatamodel; path = work.xcdatamodel; sourceTree = "<group>"; };
		08900F56216CE09A00DF6CC1 /* CoreDataManager.swift */ = {isa = PBXFileReference; lastKnownFileType = sourcecode.swift; path = CoreDataManager.swift; sourceTree = "<group>"; };
		08900F58216DA83F00DF6CC1 /* UserPreference.swift */ = {isa = PBXFileReference; lastKnownFileType = sourcecode.swift; path = UserPreference.swift; sourceTree = "<group>"; };
		08900F5A216E3D7200DF6CC1 /* PreferenceViewController.swift */ = {isa = PBXFileReference; lastKnownFileType = sourcecode.swift; path = PreferenceViewController.swift; sourceTree = "<group>"; };
		08B31A1921724554002D380C /* EventMonitor.swift */ = {isa = PBXFileReference; lastKnownFileType = sourcecode.swift; path = EventMonitor.swift; sourceTree = "<group>"; };
		4BF4DF5623CA742628D60782 /* Pods-work.release.xcconfig */ = {isa = PBXFileReference; includeInIndex = 1; lastKnownFileType = text.xcconfig; name = "Pods-work.release.xcconfig"; path = "Target Support Files/Pods-work/Pods-work.release.xcconfig"; sourceTree = "<group>"; };
		E2BABD7A8CE4E34473571E43 /* Pods_work.framework */ = {isa = PBXFileReference; explicitFileType = wrapper.framework; includeInIndex = 0; path = Pods_work.framework; sourceTree = BUILT_PRODUCTS_DIR; };
/* End PBXFileReference section */

/* Begin PBXFrameworksBuildPhase section */
		082E40D721664D54005F302D /* Frameworks */ = {
			isa = PBXFrameworksBuildPhase;
			buildActionMask = 2147483647;
			files = (
				E27DA7E47F19DDF8D31679A1 /* Pods_work.framework in Frameworks */,
			);
			runOnlyForDeploymentPostprocessing = 0;
		};
		082E40E921664D54005F302D /* Frameworks */ = {
			isa = PBXFrameworksBuildPhase;
			buildActionMask = 2147483647;
			files = (
			);
			runOnlyForDeploymentPostprocessing = 0;
		};
/* End PBXFrameworksBuildPhase section */

/* Begin PBXGroup section */
		082E40D121664D54005F302D = {
			isa = PBXGroup;
			children = (
				082E40DC21664D54005F302D /* work */,
				082E40EF21664D54005F302D /* workTests */,
				082E40DB21664D54005F302D /* Products */,
				708643035B06ECFD013655E6 /* Pods */,
				75AF4955738F9A2F032A4BB9 /* Frameworks */,
			);
			sourceTree = "<group>";
		};
		082E40DB21664D54005F302D /* Products */ = {
			isa = PBXGroup;
			children = (
				082E40DA21664D54005F302D /* work.app */,
				082E40EC21664D54005F302D /* workTests.xctest */,
			);
			name = Products;
			sourceTree = "<group>";
		};
		082E40DC21664D54005F302D /* work */ = {
			isa = PBXGroup;
			children = (
				088D6BEF2174CEDE00046A28 /* notes */,
				088D6BE821742A0600046A28 /* preferences */,
				08B31A1B2172472A002D380C /* helper */,
				08900F52216CDE9D00DF6CC1 /* coredata */,
				082E40DD21664D54005F302D /* AppDelegate.swift */,
				082E40DF21664D54005F302D /* CounterViewController.swift */,
				082E40FF2167A800005F302D /* CounterContainerView.swift */,
				082E40E121664D54005F302D /* Assets.xcassets */,
				082E40E321664D54005F302D /* Main.storyboard */,
				082E40E621664D54005F302D /* Info.plist */,
				082E40E721664D54005F302D /* work.entitlements */,
			);
			path = work;
			sourceTree = "<group>";
		};
		082E40EF21664D54005F302D /* workTests */ = {
			isa = PBXGroup;
			children = (
				082E40F021664D54005F302D /* workTests.swift */,
				082E40F221664D54005F302D /* Info.plist */,
			);
			path = workTests;
			sourceTree = "<group>";
		};
		088D6BE821742A0600046A28 /* preferences */ = {
			isa = PBXGroup;
			children = (
				08900F5A216E3D7200DF6CC1 /* PreferenceViewController.swift */,
				088D6BED21742A4F00046A28 /* PomodoroPreferenceViewController.swift */,
			);
			path = preferences;
			sourceTree = "<group>";
		};
		088D6BEF2174CEDE00046A28 /* notes */ = {
			isa = PBXGroup;
			children = (
				088D6BF22174CF2400046A28 /* NotesHomeViewController.swift */,
				088D6BF02174CF0600046A28 /* Notes.storyboard */,
			);
			path = notes;
			sourceTree = "<group>";
		};
		08900F52216CDE9D00DF6CC1 /* coredata */ = {
			isa = PBXGroup;
			children = (
				08900F53216CDEAF00DF6CC1 /* work.xcdatamodeld */,
				08900F56216CE09A00DF6CC1 /* CoreDataManager.swift */,
			);
			path = coredata;
			sourceTree = "<group>";
		};
		08B31A1B2172472A002D380C /* helper */ = {
			isa = PBXGroup;
			children = (
				082E41012168F1E1005F302D /* TimeConstants.swift */,
				08900F4E2169081100DF6CC1 /* PomodoroTimer.swift */,
				08900F50216AB59F00DF6CC1 /* Notify.swift */,
				08900F58216DA83F00DF6CC1 /* UserPreference.swift */,
				08B31A1921724554002D380C /* EventMonitor.swift */,
			);
			path = helper;
			sourceTree = "<group>";
		};
		708643035B06ECFD013655E6 /* Pods */ = {
			isa = PBXGroup;
			children = (
				0401F5E6B727A752A4284695 /* Pods-work.debug.xcconfig */,
				4BF4DF5623CA742628D60782 /* Pods-work.release.xcconfig */,
			);
			path = Pods;
			sourceTree = "<group>";
		};
		75AF4955738F9A2F032A4BB9 /* Frameworks */ = {
			isa = PBXGroup;
			children = (
				E2BABD7A8CE4E34473571E43 /* Pods_work.framework */,
			);
			name = Frameworks;
			sourceTree = "<group>";
		};
/* End PBXGroup section */

/* Begin PBXNativeTarget section */
		082E40D921664D54005F302D /* work */ = {
			isa = PBXNativeTarget;
			buildConfigurationList = 082E40F521664D54005F302D /* Build configuration list for PBXNativeTarget "work" */;
			buildPhases = (
				B2F24B8CE197A7F813B165B2 /* [CP] Check Pods Manifest.lock */,
				082E40D621664D54005F302D /* Sources */,
				082E40D721664D54005F302D /* Frameworks */,
				082E40D821664D54005F302D /* Resources */,
				A4CEC99D20B1B68C6A4631F6 /* [CP] Embed Pods Frameworks */,
			);
			buildRules = (
			);
			dependencies = (
			);
			name = work;
			productName = work;
			productReference = 082E40DA21664D54005F302D /* work.app */;
			productType = "com.apple.product-type.application";
		};
		082E40EB21664D54005F302D /* workTests */ = {
			isa = PBXNativeTarget;
			buildConfigurationList = 082E40F821664D54005F302D /* Build configuration list for PBXNativeTarget "workTests" */;
			buildPhases = (
				082E40E821664D54005F302D /* Sources */,
				082E40E921664D54005F302D /* Frameworks */,
				082E40EA21664D54005F302D /* Resources */,
			);
			buildRules = (
			);
			dependencies = (
				082E40EE21664D54005F302D /* PBXTargetDependency */,
			);
			name = workTests;
			productName = workTests;
			productReference = 082E40EC21664D54005F302D /* workTests.xctest */;
			productType = "com.apple.product-type.bundle.unit-test";
		};
/* End PBXNativeTarget section */

/* Begin PBXProject section */
		082E40D221664D54005F302D /* Project object */ = {
			isa = PBXProject;
			attributes = {
				LastSwiftUpdateCheck = 1000;
				LastUpgradeCheck = 1000;
				ORGANIZATIONNAME = JayahariV;
				TargetAttributes = {
					082E40D921664D54005F302D = {
						CreatedOnToolsVersion = 10.0;
						SystemCapabilities = {
							com.apple.Push = {
								enabled = 0;
							};
						};
					};
					082E40EB21664D54005F302D = {
						CreatedOnToolsVersion = 10.0;
						TestTargetID = 082E40D921664D54005F302D;
					};
				};
			};
			buildConfigurationList = 082E40D521664D54005F302D /* Build configuration list for PBXProject "work" */;
			compatibilityVersion = "Xcode 9.3";
			developmentRegion = en;
			hasScannedForEncodings = 0;
			knownRegions = (
				en,
				Base,
			);
			mainGroup = 082E40D121664D54005F302D;
			productRefGroup = 082E40DB21664D54005F302D /* Products */;
			projectDirPath = "";
			projectRoot = "";
			targets = (
				082E40D921664D54005F302D /* work */,
				082E40EB21664D54005F302D /* workTests */,
			);
		};
/* End PBXProject section */

/* Begin PBXResourcesBuildPhase section */
		082E40D821664D54005F302D /* Resources */ = {
			isa = PBXResourcesBuildPhase;
			buildActionMask = 2147483647;
			files = (
				088D6BF12174CF0600046A28 /* Notes.storyboard in Resources */,
				082E40E221664D54005F302D /* Assets.xcassets in Resources */,
				082E40E521664D54005F302D /* Main.storyboard in Resources */,
			);
			runOnlyForDeploymentPostprocessing = 0;
		};
		082E40EA21664D54005F302D /* Resources */ = {
			isa = PBXResourcesBuildPhase;
			buildActionMask = 2147483647;
			files = (
			);
			runOnlyForDeploymentPostprocessing = 0;
		};
/* End PBXResourcesBuildPhase section */

/* Begin PBXShellScriptBuildPhase section */
		A4CEC99D20B1B68C6A4631F6 /* [CP] Embed Pods Frameworks */ = {
			isa = PBXShellScriptBuildPhase;
			buildActionMask = 2147483647;
			files = (
			);
			inputFileListPaths = (
			);
			inputPaths = (
				"${PODS_ROOT}/Target Support Files/Pods-work/Pods-work-frameworks.sh",
				"${BUILT_PRODUCTS_DIR}/Repeat/Repeat.framework",
			);
			name = "[CP] Embed Pods Frameworks";
			outputFileListPaths = (
			);
			outputPaths = (
				"${TARGET_BUILD_DIR}/${FRAMEWORKS_FOLDER_PATH}/Repeat.framework",
			);
			runOnlyForDeploymentPostprocessing = 0;
			shellPath = /bin/sh;
			shellScript = "\"${PODS_ROOT}/Target Support Files/Pods-work/Pods-work-frameworks.sh\"\n";
			showEnvVarsInLog = 0;
		};
		B2F24B8CE197A7F813B165B2 /* [CP] Check Pods Manifest.lock */ = {
			isa = PBXShellScriptBuildPhase;
			buildActionMask = 2147483647;
			files = (
			);
			inputFileListPaths = (
			);
			inputPaths = (
				"${PODS_PODFILE_DIR_PATH}/Podfile.lock",
				"${PODS_ROOT}/Manifest.lock",
			);
			name = "[CP] Check Pods Manifest.lock";
			outputFileListPaths = (
			);
			outputPaths = (
				"$(DERIVED_FILE_DIR)/Pods-work-checkManifestLockResult.txt",
			);
			runOnlyForDeploymentPostprocessing = 0;
			shellPath = /bin/sh;
			shellScript = "diff \"${PODS_PODFILE_DIR_PATH}/Podfile.lock\" \"${PODS_ROOT}/Manifest.lock\" > /dev/null\nif [ $? != 0 ] ; then\n    # print error to STDERR\n    echo \"error: The sandbox is not in sync with the Podfile.lock. Run 'pod install' or update your CocoaPods installation.\" >&2\n    exit 1\nfi\n# This output is used by Xcode 'outputs' to avoid re-running this script phase.\necho \"SUCCESS\" > \"${SCRIPT_OUTPUT_FILE_0}\"\n";
			showEnvVarsInLog = 0;
		};
/* End PBXShellScriptBuildPhase section */

/* Begin PBXSourcesBuildPhase section */
		082E40D621664D54005F302D /* Sources */ = {
			isa = PBXSourcesBuildPhase;
			buildActionMask = 2147483647;
			files = (
				082E40E021664D54005F302D /* CounterViewController.swift in Sources */,
				08900F55216CDEAF00DF6CC1 /* work.xcdatamodeld in Sources */,
				088D6BF32174CF2400046A28 /* NotesHomeViewController.swift in Sources */,
				088D6BEE21742A4F00046A28 /* PomodoroPreferenceViewController.swift in Sources */,
				082E40DE21664D54005F302D /* AppDelegate.swift in Sources */,
				08B31A1A21724554002D380C /* EventMonitor.swift in Sources */,
				08900F51216AB59F00DF6CC1 /* Notify.swift in Sources */,
				082E41022168F1E1005F302D /* TimeConstants.swift in Sources */,
				08900F5B216E3D7200DF6CC1 /* PreferenceViewController.swift in Sources */,
				08900F4F2169081100DF6CC1 /* PomodoroTimer.swift in Sources */,
				08900F57216CE09A00DF6CC1 /* CoreDataManager.swift in Sources */,
				08900F59216DA83F00DF6CC1 /* UserPreference.swift in Sources */,
				082E41002167A800005F302D /* CounterContainerView.swift in Sources */,
			);
			runOnlyForDeploymentPostprocessing = 0;
		};
		082E40E821664D54005F302D /* Sources */ = {
			isa = PBXSourcesBuildPhase;
			buildActionMask = 2147483647;
			files = (
				082E40F121664D54005F302D /* workTests.swift in Sources */,
			);
			runOnlyForDeploymentPostprocessing = 0;
		};
/* End PBXSourcesBuildPhase section */

/* Begin PBXTargetDependency section */
		082E40EE21664D54005F302D /* PBXTargetDependency */ = {
			isa = PBXTargetDependency;
			target = 082E40D921664D54005F302D /* work */;
			targetProxy = 082E40ED21664D54005F302D /* PBXContainerItemProxy */;
		};
/* End PBXTargetDependency section */

/* Begin PBXVariantGroup section */
		082E40E321664D54005F302D /* Main.storyboard */ = {
			isa = PBXVariantGroup;
			children = (
				082E40E421664D54005F302D /* Base */,
			);
			name = Main.storyboard;
			sourceTree = "<group>";
		};
/* End PBXVariantGroup section */

/* Begin XCBuildConfiguration section */
		082E40F321664D54005F302D /* Debug */ = {
			isa = XCBuildConfiguration;
			buildSettings = {
				ALWAYS_SEARCH_USER_PATHS = NO;
				CLANG_ANALYZER_NONNULL = YES;
				CLANG_ANALYZER_NUMBER_OBJECT_CONVERSION = YES_AGGRESSIVE;
				CLANG_CXX_LANGUAGE_STANDARD = "gnu++14";
				CLANG_CXX_LIBRARY = "libc++";
				CLANG_ENABLE_MODULES = YES;
				CLANG_ENABLE_OBJC_ARC = YES;
				CLANG_ENABLE_OBJC_WEAK = YES;
				CLANG_WARN_BLOCK_CAPTURE_AUTORELEASING = YES;
				CLANG_WARN_BOOL_CONVERSION = YES;
				CLANG_WARN_COMMA = YES;
				CLANG_WARN_CONSTANT_CONVERSION = YES;
				CLANG_WARN_DEPRECATED_OBJC_IMPLEMENTATIONS = YES;
				CLANG_WARN_DIRECT_OBJC_ISA_USAGE = YES_ERROR;
				CLANG_WARN_DOCUMENTATION_COMMENTS = YES;
				CLANG_WARN_EMPTY_BODY = YES;
				CLANG_WARN_ENUM_CONVERSION = YES;
				CLANG_WARN_INFINITE_RECURSION = YES;
				CLANG_WARN_INT_CONVERSION = YES;
				CLANG_WARN_NON_LITERAL_NULL_CONVERSION = YES;
				CLANG_WARN_OBJC_IMPLICIT_RETAIN_SELF = YES;
				CLANG_WARN_OBJC_LITERAL_CONVERSION = YES;
				CLANG_WARN_OBJC_ROOT_CLASS = YES_ERROR;
				CLANG_WARN_RANGE_LOOP_ANALYSIS = YES;
				CLANG_WARN_STRICT_PROTOTYPES = YES;
				CLANG_WARN_SUSPICIOUS_MOVE = YES;
				CLANG_WARN_UNGUARDED_AVAILABILITY = YES_AGGRESSIVE;
				CLANG_WARN_UNREACHABLE_CODE = YES;
				CLANG_WARN__DUPLICATE_METHOD_MATCH = YES;
				CODE_SIGN_IDENTITY = "Mac Developer";
				COPY_PHASE_STRIP = NO;
				DEBUG_INFORMATION_FORMAT = dwarf;
				ENABLE_STRICT_OBJC_MSGSEND = YES;
				ENABLE_TESTABILITY = YES;
				GCC_C_LANGUAGE_STANDARD = gnu11;
				GCC_DYNAMIC_NO_PIC = NO;
				GCC_NO_COMMON_BLOCKS = YES;
				GCC_OPTIMIZATION_LEVEL = 0;
				GCC_PREPROCESSOR_DEFINITIONS = (
					"DEBUG=1",
					"$(inherited)",
				);
				GCC_WARN_64_TO_32_BIT_CONVERSION = YES;
				GCC_WARN_ABOUT_RETURN_TYPE = YES_ERROR;
				GCC_WARN_UNDECLARED_SELECTOR = YES;
				GCC_WARN_UNINITIALIZED_AUTOS = YES_AGGRESSIVE;
				GCC_WARN_UNUSED_FUNCTION = YES;
				GCC_WARN_UNUSED_VARIABLE = YES;
				MACOSX_DEPLOYMENT_TARGET = 10.12;
				MTL_ENABLE_DEBUG_INFO = INCLUDE_SOURCE;
				MTL_FAST_MATH = YES;
				ONLY_ACTIVE_ARCH = YES;
				SDKROOT = macosx;
				SWIFT_ACTIVE_COMPILATION_CONDITIONS = DEBUG;
				SWIFT_OPTIMIZATION_LEVEL = "-Onone";
				SWIFT_VERSION = 4.2;
			};
			name = Debug;
		};
		082E40F421664D54005F302D /* Release */ = {
			isa = XCBuildConfiguration;
			buildSettings = {
				ALWAYS_SEARCH_USER_PATHS = NO;
				CLANG_ANALYZER_NONNULL = YES;
				CLANG_ANALYZER_NUMBER_OBJECT_CONVERSION = YES_AGGRESSIVE;
				CLANG_CXX_LANGUAGE_STANDARD = "gnu++14";
				CLANG_CXX_LIBRARY = "libc++";
				CLANG_ENABLE_MODULES = YES;
				CLANG_ENABLE_OBJC_ARC = YES;
				CLANG_ENABLE_OBJC_WEAK = YES;
				CLANG_WARN_BLOCK_CAPTURE_AUTORELEASING = YES;
				CLANG_WARN_BOOL_CONVERSION = YES;
				CLANG_WARN_COMMA = YES;
				CLANG_WARN_CONSTANT_CONVERSION = YES;
				CLANG_WARN_DEPRECATED_OBJC_IMPLEMENTATIONS = YES;
				CLANG_WARN_DIRECT_OBJC_ISA_USAGE = YES_ERROR;
				CLANG_WARN_DOCUMENTATION_COMMENTS = YES;
				CLANG_WARN_EMPTY_BODY = YES;
				CLANG_WARN_ENUM_CONVERSION = YES;
				CLANG_WARN_INFINITE_RECURSION = YES;
				CLANG_WARN_INT_CONVERSION = YES;
				CLANG_WARN_NON_LITERAL_NULL_CONVERSION = YES;
				CLANG_WARN_OBJC_IMPLICIT_RETAIN_SELF = YES;
				CLANG_WARN_OBJC_LITERAL_CONVERSION = YES;
				CLANG_WARN_OBJC_ROOT_CLASS = YES_ERROR;
				CLANG_WARN_RANGE_LOOP_ANALYSIS = YES;
				CLANG_WARN_STRICT_PROTOTYPES = YES;
				CLANG_WARN_SUSPICIOUS_MOVE = YES;
				CLANG_WARN_UNGUARDED_AVAILABILITY = YES_AGGRESSIVE;
				CLANG_WARN_UNREACHABLE_CODE = YES;
				CLANG_WARN__DUPLICATE_METHOD_MATCH = YES;
				CODE_SIGN_IDENTITY = "Mac Developer";
				COPY_PHASE_STRIP = NO;
				DEBUG_INFORMATION_FORMAT = "dwarf-with-dsym";
				ENABLE_NS_ASSERTIONS = NO;
				ENABLE_STRICT_OBJC_MSGSEND = YES;
				GCC_C_LANGUAGE_STANDARD = gnu11;
				GCC_NO_COMMON_BLOCKS = YES;
				GCC_WARN_64_TO_32_BIT_CONVERSION = YES;
				GCC_WARN_ABOUT_RETURN_TYPE = YES_ERROR;
				GCC_WARN_UNDECLARED_SELECTOR = YES;
				GCC_WARN_UNINITIALIZED_AUTOS = YES_AGGRESSIVE;
				GCC_WARN_UNUSED_FUNCTION = YES;
				GCC_WARN_UNUSED_VARIABLE = YES;
				MACOSX_DEPLOYMENT_TARGET = 10.12;
				MTL_ENABLE_DEBUG_INFO = NO;
				MTL_FAST_MATH = YES;
				SDKROOT = macosx;
				SWIFT_COMPILATION_MODE = wholemodule;
				SWIFT_OPTIMIZATION_LEVEL = "-O";
				SWIFT_VERSION = 4.2;
			};
			name = Release;
		};
		082E40F621664D54005F302D /* Debug */ = {
			isa = XCBuildConfiguration;
			baseConfigurationReference = 0401F5E6B727A752A4284695 /* Pods-work.debug.xcconfig */;
			buildSettings = {
				ASSETCATALOG_COMPILER_APPICON_NAME = AppIcon;
				CODE_SIGN_ENTITLEMENTS = work/work.entitlements;
				CODE_SIGN_STYLE = Automatic;
				COMBINE_HIDPI_IMAGES = YES;
				DEVELOPMENT_TEAM = X6N62J5SQP;
				INFOPLIST_FILE = work/Info.plist;
				LD_RUNPATH_SEARCH_PATHS = (
					"$(inherited)",
					"@executable_path/../Frameworks",
				);
				PRODUCT_BUNDLE_IDENTIFIER = com.jayahariv.work;
				PRODUCT_NAME = "$(TARGET_NAME)";
				SWIFT_VERSION = 4.2;
			};
			name = Debug;
		};
		082E40F721664D54005F302D /* Release */ = {
			isa = XCBuildConfiguration;
			baseConfigurationReference = 4BF4DF5623CA742628D60782 /* Pods-work.release.xcconfig */;
			buildSettings = {
				ASSETCATALOG_COMPILER_APPICON_NAME = AppIcon;
				CODE_SIGN_ENTITLEMENTS = work/work.entitlements;
				CODE_SIGN_STYLE = Automatic;
				COMBINE_HIDPI_IMAGES = YES;
				DEVELOPMENT_TEAM = X6N62J5SQP;
				INFOPLIST_FILE = work/Info.plist;
				LD_RUNPATH_SEARCH_PATHS = (
					"$(inherited)",
					"@executable_path/../Frameworks",
				);
				PRODUCT_BUNDLE_IDENTIFIER = com.jayahariv.work;
				PRODUCT_NAME = "$(TARGET_NAME)";
				SWIFT_VERSION = 4.2;
			};
			name = Release;
		};
		082E40F921664D54005F302D /* Debug */ = {
			isa = XCBuildConfiguration;
			buildSettings = {
				ALWAYS_EMBED_SWIFT_STANDARD_LIBRARIES = YES;
				BUNDLE_LOADER = "$(TEST_HOST)";
				CODE_SIGN_STYLE = Automatic;
				COMBINE_HIDPI_IMAGES = YES;
				DEVELOPMENT_TEAM = X6N62J5SQP;
				INFOPLIST_FILE = workTests/Info.plist;
				LD_RUNPATH_SEARCH_PATHS = (
					"$(inherited)",
					"@executable_path/../Frameworks",
					"@loader_path/../Frameworks",
				);
				PRODUCT_BUNDLE_IDENTIFIER = com.jayahariv.workTests;
				PRODUCT_NAME = "$(TARGET_NAME)";
				SWIFT_VERSION = 4.2;
				TEST_HOST = "$(BUILT_PRODUCTS_DIR)/work.app/Contents/MacOS/work";
			};
			name = Debug;
		};
		082E40FA21664D54005F302D /* Release */ = {
			isa = XCBuildConfiguration;
			buildSettings = {
				ALWAYS_EMBED_SWIFT_STANDARD_LIBRARIES = YES;
				BUNDLE_LOADER = "$(TEST_HOST)";
				CODE_SIGN_STYLE = Automatic;
				COMBINE_HIDPI_IMAGES = YES;
				DEVELOPMENT_TEAM = X6N62J5SQP;
				INFOPLIST_FILE = workTests/Info.plist;
				LD_RUNPATH_SEARCH_PATHS = (
					"$(inherited)",
					"@executable_path/../Frameworks",
					"@loader_path/../Frameworks",
				);
				PRODUCT_BUNDLE_IDENTIFIER = com.jayahariv.workTests;
				PRODUCT_NAME = "$(TARGET_NAME)";
				SWIFT_VERSION = 4.2;
				TEST_HOST = "$(BUILT_PRODUCTS_DIR)/work.app/Contents/MacOS/work";
			};
			name = Release;
		};
/* End XCBuildConfiguration section */

/* Begin XCConfigurationList section */
		082E40D521664D54005F302D /* Build configuration list for PBXProject "work" */ = {
			isa = XCConfigurationList;
			buildConfigurations = (
				082E40F321664D54005F302D /* Debug */,
				082E40F421664D54005F302D /* Release */,
			);
			defaultConfigurationIsVisible = 0;
			defaultConfigurationName = Release;
		};
		082E40F521664D54005F302D /* Build configuration list for PBXNativeTarget "work" */ = {
			isa = XCConfigurationList;
			buildConfigurations = (
				082E40F621664D54005F302D /* Debug */,
				082E40F721664D54005F302D /* Release */,
			);
			defaultConfigurationIsVisible = 0;
			defaultConfigurationName = Release;
		};
		082E40F821664D54005F302D /* Build configuration list for PBXNativeTarget "workTests" */ = {
			isa = XCConfigurationList;
			buildConfigurations = (
				082E40F921664D54005F302D /* Debug */,
				082E40FA21664D54005F302D /* Release */,
			);
			defaultConfigurationIsVisible = 0;
			defaultConfigurationName = Release;
		};
/* End XCConfigurationList section */

/* Begin XCVersionGroup section */
		08900F53216CDEAF00DF6CC1 /* work.xcdatamodeld */ = {
			isa = XCVersionGroup;
			children = (
				08900F54216CDEAF00DF6CC1 /* work.xcdatamodel */,
			);
			currentVersion = 08900F54216CDEAF00DF6CC1 /* work.xcdatamodel */;
			path = work.xcdatamodeld;
			sourceTree = "<group>";
			versionGroupType = wrapper.xcdatamodel;
		};
/* End XCVersionGroup section */
	};
	rootObject = 082E40D221664D54005F302D /* Project object */;
}
